
Microsoft Visual Studio Solution File, Format Version 11.00
# Visual Studio 2010
Project("{FAE04EC0-301F-11D3-BF4B-00C04F79EFBC}") = "ClasesBase", "ClasesBase\ClasesBase.csproj", "{F2782434-660E-4C3B-822D-2A39D4B275B8}"
EndProject
Project("{FAE04EC0-301F-11D3-BF4B-00C04F79EFBC}") = "Vistas", "Vistas\Vistas.csproj", "{F1F60195-09CC-416F-A39F-B56CA26A5AEC}"
EndProject
Global
	GlobalSection(SolutionConfigurationPlatforms) = preSolution
		Debug|Any CPU = Debug|Any CPU
		Debug|Mixed Platforms = Debug|Mixed Platforms
		Debug|x86 = Debug|x86
		Release|Any CPU = Release|Any CPU
		Release|Mixed Platforms = Release|Mixed Platforms
		Release|x86 = Release|x86
	EndGlobalSection
	GlobalSection(ProjectConfigurationPlatforms) = postSolution
		{F2782434-660E-4C3B-822D-2A39D4B275B8}.Debug|Any CPU.ActiveCfg = Debug|Any CPU
		{F2782434-660E-4C3B-822D-2A39D4B275B8}.Debug|Any CPU.Build.0 = Debug|Any CPU
		{F2782434-660E-4C3B-822D-2A39D4B275B8}.Debug|Mixed Platforms.ActiveCfg = Debug|Any CPU
		{F2782434-660E-4C3B-822D-2A39D4B275B8}.Debug|Mixed Platforms.Build.0 = Debug|Any CPU
		{F2782434-660E-4C3B-822D-2A39D4B275B8}.Debug|x86.ActiveCfg = Debug|Any CPU
		{F2782434-660E-4C3B-822D-2A39D4B275B8}.Release|Any CPU.ActiveCfg = Release|Any CPU
		{F2782434-660E-4C3B-822D-2A39D4B275B8}.Release|Any CPU.Build.0 = Release|Any CPU
		{F2782434-660E-4C3B-822D-2A39D4B275B8}.Release|Mixed Platforms.ActiveCfg = Release|Any CPU
		{F2782434-660E-4C3B-822D-2A39D4B275B8}.Release|Mixed Platforms.Build.0 = Release|Any CPU
		{F2782434-660E-4C3B-822D-2A39D4B275B8}.Release|x86.ActiveCfg = Release|Any CPU
		{F1F60195-09CC-416F-A39F-B56CA26A5AEC}.Debug|Any CPU.ActiveCfg = Debug|x86
		{F1F60195-09CC-416F-A39F-B56CA26A5AEC}.Debug|Mixed Platforms.ActiveCfg = Debug|x86
		{F1F60195-09CC-416F-A39F-B56CA26A5AEC}.Debug|Mixed Platforms.Build.0 = Debug|x86
		{F1F60195-09CC-416F-A39F-B56CA26A5AEC}.Debug|x86.ActiveCfg = Debug|x86
		{F1F60195-09CC-416F-A39F-B56CA26A5AEC}.Debug|x86.Build.0 = Debug|x86
		{F1F60195-09CC-416F-A39F-B56CA26A5AEC}.Release|Any CPU.ActiveCfg = Release|x86
		{F1F60195-09CC-416F-A39F-B56CA26A5AEC}.Release|Mixed Platforms.ActiveCfg = Release|x86
		{F1F60195-09CC-416F-A39F-B56CA26A5AEC}.Release|Mixed Platforms.Build.0 = Release|x86
		{F1F60195-09CC-416F-A39F-B56CA26A5AEC}.Release|x86.ActiveCfg = Release|x86
		{F1F60195-09CC-416F-A39F-B56CA26A5AEC}.Release|x86.Build.0 = Release|x86
	EndGlobalSection
	GlobalSection(SolutionProperties) = preSolution
		HideSolutionNode = FALSE
	EndGlobalSection
EndGlobal
